
Microsoft Visual Studio Solution File, Format Version 12.00
# Visual Studio Version 17
VisualStudioVersion = 17.7.34024.191
MinimumVisualStudioVersion = 10.0.40219.1
Project("{FAE04EC0-301F-11D3-BF4B-00C04F79EFBC}") = "Bandaging", "Bandaging\Bandaging.csproj", "{AE0704AE-E0DA-4365-B4FB-A89B1880107D}"
EndProject
Global
	GlobalSection(SolutionConfigurationPlatforms) = preSolution
		Debug|Any CPU = Debug|Any CPU
		Release|Any CPU = Release|Any CPU
	EndGlobalSection
	GlobalSection(ProjectConfigurationPlatforms) = postSolution
		{AE0704AE-E0DA-4365-B4FB-A89B1880107D}.Debug|Any CPU.ActiveCfg = Debug|Any CPU
		{AE0704AE-E0DA-4365-B4FB-A89B1880107D}.Debug|Any CPU.Build.0 = Debug|Any CPU
		{AE0704AE-E0DA-4365-B4FB-A89B1880107D}.Release|Any CPU.ActiveCfg = Release|Any CPU
		{AE0704AE-E0DA-4365-B4FB-A89B1880107D}.Release|Any CPU.Build.0 = Release|Any CPU
	EndGlobalSection
	GlobalSection(SolutionProperties) = preSolution
		HideSolutionNode = FALSE
	EndGlobalSection
	GlobalSection(ExtensibilityGlobals) = postSolution
		SolutionGuid = {7AAB7CC6-556F-40C2-AF34-EB00BBF013EC}
	EndGlobalSection
EndGlobal
